PODS:
  - QRCodeReader.swift (8.0.3)
  - SwiftValidator (4.0.0)
  - Toaster (2.1.0)
  - Whisper (5.0.0)

DEPENDENCIES:
  - QRCodeReader.swift (~> 8.0.3)
  - SwiftValidator (from `https://github.com/jpotts18/SwiftValidator.git`, branch `master`)
  - Toaster
  - Whisper

EXTERNAL SOURCES:
  SwiftValidator:
    :branch: master
    :git: https://github.com/jpotts18/SwiftValidator.git

CHECKOUT OPTIONS:
  SwiftValidator:
    :commit: 6cff6cac3e02a617f7cf11323e18526a117d5673
    :git: https://github.com/jpotts18/SwiftValidator.git

SPEC CHECKSUMS:
  QRCodeReader.swift: 7c98a05c2544a7c8737853845428b4460273d50d
  SwiftValidator: 25ded5ca1f10c05adf57f6ac82a72d28ac8d91af
  Toaster: 8c3225dc465bef4aa57e147a288724576df8e439
  Whisper: 051f25e704bf8992641ffd28b20d5682ddc5f5d3

PODFILE CHECKSUM: ecc3c018b1da5dc91187562acc0726b4274b3120

COCOAPODS: 1.3.1
